// !$*UTF8*$!
{
	archiveVersion = 1;
	classes = {
	};
	objectVersion = 55;
	objects = {

/* Begin PBXBuildFile section */
		3432816C2771D10200FB2DDF /* GFAlertContainerView.swift in Sources */ = {isa = PBXBuildFile; fileRef = 3432816B2771D10200FB2DDF /* GFAlertContainerView.swift */; };
		3432816E2771EDF300FB2DDF /* GFDataLoadingVC.swift in Sources */ = {isa = PBXBuildFile; fileRef = 3432816D2771EDF300FB2DDF /* GFDataLoadingVC.swift */; };
		343281702773043600FB2DDF /* UITableView+Ext.swift in Sources */ = {isa = PBXBuildFile; fileRef = 3432816F2773043600FB2DDF /* UITableView+Ext.swift */; };
		3447FB92275CF1CD00378193 /* GFTitleLabel.swift in Sources */ = {isa = PBXBuildFile; fileRef = 3447FB91275CF1CD00378193 /* GFTitleLabel.swift */; };
		3447FB94275CF4CA00378193 /* GFBodyLabel.swift in Sources */ = {isa = PBXBuildFile; fileRef = 3447FB93275CF4CA00378193 /* GFBodyLabel.swift */; };
		3447FB96275CF5F800378193 /* GFAlertVCViewController.swift in Sources */ = {isa = PBXBuildFile; fileRef = 3447FB95275CF5F800378193 /* GFAlertVCViewController.swift */; };
		3447FB98275CFA1D00378193 /* UIViewController+Ext.swift in Sources */ = {isa = PBXBuildFile; fileRef = 3447FB97275CFA1D00378193 /* UIViewController+Ext.swift */; };
		3447FB9F27672AFF00378193 /* Follower.swift in Sources */ = {isa = PBXBuildFile; fileRef = 3447FB9E27672AFF00378193 /* Follower.swift */; };
		3447FBA127673C6200378193 /* User.swift in Sources */ = {isa = PBXBuildFile; fileRef = 3447FBA027673C6200378193 /* User.swift */; };
		3447FBA42769D5FB00378193 /* NetworkManager.swift in Sources */ = {isa = PBXBuildFile; fileRef = 3447FBA32769D5FB00378193 /* NetworkManager.swift */; };
		3447FBA72769E32900378193 /* GFError.swift in Sources */ = {isa = PBXBuildFile; fileRef = 3447FBA62769E32900378193 /* GFError.swift */; };
		3447FBAA276A095500378193 /* FollowerCell.swift in Sources */ = {isa = PBXBuildFile; fileRef = 3447FBA9276A095500378193 /* FollowerCell.swift */; };
		3447FBAC276A09B900378193 /* GFAvatarImageView.swift in Sources */ = {isa = PBXBuildFile; fileRef = 3447FBAB276A09B900378193 /* GFAvatarImageView.swift */; };
		3447FBAE276B345F00378193 /* UIHelper.swift in Sources */ = {isa = PBXBuildFile; fileRef = 3447FBAD276B345F00378193 /* UIHelper.swift */; };
		3450F4242755D8B3003703F4 /* AppDelegate.swift in Sources */ = {isa = PBXBuildFile; fileRef = 3450F4232755D8B3003703F4 /* AppDelegate.swift */; };
		3450F4262755D8B3003703F4 /* SceneDelegate.swift in Sources */ = {isa = PBXBuildFile; fileRef = 3450F4252755D8B3003703F4 /* SceneDelegate.swift */; };
		3450F42D2755D8B4003703F4 /* Assets.xcassets in Resources */ = {isa = PBXBuildFile; fileRef = 3450F42C2755D8B4003703F4 /* Assets.xcassets */; };
		3450F4302755D8B4003703F4 /* LaunchScreen.storyboard in Resources */ = {isa = PBXBuildFile; fileRef = 3450F42E2755D8B4003703F4 /* LaunchScreen.storyboard */; };
		347A1A9F275A641900B43B89 /* MainTabBarController.swift in Sources */ = {isa = PBXBuildFile; fileRef = 347A1A9E275A641900B43B89 /* MainTabBarController.swift */; };
		347A1AA1275A642300B43B89 /* SearchVC.swift in Sources */ = {isa = PBXBuildFile; fileRef = 347A1AA0275A642300B43B89 /* SearchVC.swift */; };
		347A1AA3275A642C00B43B89 /* FavouriteVC.swift in Sources */ = {isa = PBXBuildFile; fileRef = 347A1AA2275A642C00B43B89 /* FavouriteVC.swift */; };
		347A1AA5275A6D5E00B43B89 /* GFButton.swift in Sources */ = {isa = PBXBuildFile; fileRef = 347A1AA4275A6D5E00B43B89 /* GFButton.swift */; };
		347A1AA7275A6EAA00B43B89 /* GFTextField.swift in Sources */ = {isa = PBXBuildFile; fileRef = 347A1AA6275A6EAA00B43B89 /* GFTextField.swift */; };
		347A1AA9275B415600B43B89 /* FollowersListVC.swift in Sources */ = {isa = PBXBuildFile; fileRef = 347A1AA8275B415600B43B89 /* FollowersListVC.swift */; };
		347A1AAB275B461300B43B89 /* String+Ext.swift in Sources */ = {isa = PBXBuildFile; fileRef = 347A1AAA275B461300B43B89 /* String+Ext.swift */; };
		347A1AAD275CB1E400B43B89 /* UIViewLayout+Ext.swift in Sources */ = {isa = PBXBuildFile; fileRef = 347A1AAC275CB1E400B43B89 /* UIViewLayout+Ext.swift */; };
		34CBBF0B276C893400961A8C /* GFEmptyStateView.swift in Sources */ = {isa = PBXBuildFile; fileRef = 34CBBF0A276C893400961A8C /* GFEmptyStateView.swift */; };
		34D758E6276EF597003F7A60 /* UserInfoVC.swift in Sources */ = {isa = PBXBuildFile; fileRef = 34D758E5276EF597003F7A60 /* UserInfoVC.swift */; };
		34D758E8276F35F8003F7A60 /* GFUserInfoHeaderVC.swift in Sources */ = {isa = PBXBuildFile; fileRef = 34D758E7276F35F8003F7A60 /* GFUserInfoHeaderVC.swift */; };
		34D758EA276F366B003F7A60 /* GFSecondaryTitleLabel.swift in Sources */ = {isa = PBXBuildFile; fileRef = 34D758E9276F366B003F7A60 /* GFSecondaryTitleLabel.swift */; };
		34D758EC276F5494003F7A60 /* Constants.swift in Sources */ = {isa = PBXBuildFile; fileRef = 34D758EB276F5494003F7A60 /* Constants.swift */; };
		34D758EE276F7758003F7A60 /* GFItemInfoView.swift in Sources */ = {isa = PBXBuildFile; fileRef = 34D758ED276F7758003F7A60 /* GFItemInfoView.swift */; };
		34D758F0276F8FF1003F7A60 /* GFItemInfoVC.swift in Sources */ = {isa = PBXBuildFile; fileRef = 34D758EF276F8FF1003F7A60 /* GFItemInfoVC.swift */; };
		34D758F2276F92F3003F7A60 /* GFRepoItemVC.swift in Sources */ = {isa = PBXBuildFile; fileRef = 34D758F1276F92F3003F7A60 /* GFRepoItemVC.swift */; };
		34D758F4276F94AA003F7A60 /* GFFollowerItemVc.swift in Sources */ = {isa = PBXBuildFile; fileRef = 34D758F3276F94AA003F7A60 /* GFFollowerItemVc.swift */; };
		34D758F7277056F5003F7A60 /* Date+Ext.swift in Sources */ = {isa = PBXBuildFile; fileRef = 34D758F6277056F5003F7A60 /* Date+Ext.swift */; };
		34D758F9277093C6003F7A60 /* PersistanceManager.swift in Sources */ = {isa = PBXBuildFile; fileRef = 34D758F8277093C6003F7A60 /* PersistanceManager.swift */; };
		34D758FB2770E1D8003F7A60 /* FavoritesListVC.swift in Sources */ = {isa = PBXBuildFile; fileRef = 34D758FA2770E1D8003F7A60 /* FavoritesListVC.swift */; };
		34D758FD2770E279003F7A60 /* FavoritesListCell.swift in Sources */ = {isa = PBXBuildFile; fileRef = 34D758FC2770E279003F7A60 /* FavoritesListCell.swift */; };
/* End PBXBuildFile section */

/* Begin PBXFileReference section */
		3432816B2771D10200FB2DDF /* GFAlertContainerView.swift */ = {isa = PBXFileReference; lastKnownFileType = sourcecode.swift; path = GFAlertContainerView.swift; sourceTree = "<group>"; };
		3432816D2771EDF300FB2DDF /* GFDataLoadingVC.swift */ = {isa = PBXFileReference; lastKnownFileType = sourcecode.swift; path = GFDataLoadingVC.swift; sourceTree = "<group>"; };
		3432816F2773043600FB2DDF /* UITableView+Ext.swift */ = {isa = PBXFileReference; lastKnownFileType = sourcecode.swift; path = "UITableView+Ext.swift"; sourceTree = "<group>"; };
		3447FB91275CF1CD00378193 /* GFTitleLabel.swift */ = {isa = PBXFileReference; lastKnownFileType = sourcecode.swift; path = GFTitleLabel.swift; sourceTree = "<group>"; };
		3447FB93275CF4CA00378193 /* GFBodyLabel.swift */ = {isa = PBXFileReference; lastKnownFileType = sourcecode.swift; path = GFBodyLabel.swift; sourceTree = "<group>"; };
		3447FB95275CF5F800378193 /* GFAlertVCViewController.swift */ = {isa = PBXFileReference; lastKnownFileType = sourcecode.swift; path = GFAlertVCViewController.swift; sourceTree = "<group>"; };
		3447FB97275CFA1D00378193 /* UIViewController+Ext.swift */ = {isa = PBXFileReference; lastKnownFileType = sourcecode.swift; path = "UIViewController+Ext.swift"; sourceTree = "<group>"; };
		3447FB9E27672AFF00378193 /* Follower.swift */ = {isa = PBXFileReference; lastKnownFileType = sourcecode.swift; path = Follower.swift; sourceTree = "<group>"; };
		3447FBA027673C6200378193 /* User.swift */ = {isa = PBXFileReference; lastKnownFileType = sourcecode.swift; path = User.swift; sourceTree = "<group>"; };
		3447FBA32769D5FB00378193 /* NetworkManager.swift */ = {isa = PBXFileReference; lastKnownFileType = sourcecode.swift; path = NetworkManager.swift; sourceTree = "<group>"; };
		3447FBA62769E32900378193 /* GFError.swift */ = {isa = PBXFileReference; lastKnownFileType = sourcecode.swift; path = GFError.swift; sourceTree = "<group>"; };
		3447FBA9276A095500378193 /* FollowerCell.swift */ = {isa = PBXFileReference; lastKnownFileType = sourcecode.swift; path = FollowerCell.swift; sourceTree = "<group>"; };
		3447FBAB276A09B900378193 /* GFAvatarImageView.swift */ = {isa = PBXFileReference; lastKnownFileType = sourcecode.swift; path = GFAvatarImageView.swift; sourceTree = "<group>"; };
		3447FBAD276B345F00378193 /* UIHelper.swift */ = {isa = PBXFileReference; lastKnownFileType = sourcecode.swift; path = UIHelper.swift; sourceTree = "<group>"; };
		3450F4202755D8B3003703F4 /* GithubFollowers.app */ = {isa = PBXFileReference; explicitFileType = wrapper.application; includeInIndex = 0; path = GithubFollowers.app; sourceTree = BUILT_PRODUCTS_DIR; };
		3450F4232755D8B3003703F4 /* AppDelegate.swift */ = {isa = PBXFileReference; lastKnownFileType = sourcecode.swift; path = AppDelegate.swift; sourceTree = "<group>"; };
		3450F4252755D8B3003703F4 /* SceneDelegate.swift */ = {isa = PBXFileReference; lastKnownFileType = sourcecode.swift; path = SceneDelegate.swift; sourceTree = "<group>"; };
		3450F42C2755D8B4003703F4 /* Assets.xcassets */ = {isa = PBXFileReference; lastKnownFileType = folder.assetcatalog; path = Assets.xcassets; sourceTree = "<group>"; };
		3450F42F2755D8B4003703F4 /* Base */ = {isa = PBXFileReference; lastKnownFileType = file.storyboard; name = Base; path = Base.lproj/LaunchScreen.storyboard; sourceTree = "<group>"; };
		3450F4312755D8B4003703F4 /* Info.plist */ = {isa = PBXFileReference; lastKnownFileType = text.plist.xml; path = Info.plist; sourceTree = "<group>"; };
		347A1A9E275A641900B43B89 /* MainTabBarController.swift */ = {isa = PBXFileReference; fileEncoding = 4; lastKnownFileType = sourcecode.swift; path = MainTabBarController.swift; sourceTree = "<group>"; };
		347A1AA0275A642300B43B89 /* SearchVC.swift */ = {isa = PBXFileReference; fileEncoding = 4; lastKnownFileType = sourcecode.swift; path = SearchVC.swift; sourceTree = "<group>"; };
		347A1AA2275A642C00B43B89 /* FavouriteVC.swift */ = {isa = PBXFileReference; fileEncoding = 4; lastKnownFileType = sourcecode.swift; path = FavouriteVC.swift; sourceTree = "<group>"; };
		347A1AA4275A6D5E00B43B89 /* GFButton.swift */ = {isa = PBXFileReference; lastKnownFileType = sourcecode.swift; path = GFButton.swift; sourceTree = "<group>"; };
		347A1AA6275A6EAA00B43B89 /* GFTextField.swift */ = {isa = PBXFileReference; lastKnownFileType = sourcecode.swift; path = GFTextField.swift; sourceTree = "<group>"; };
		347A1AA8275B415600B43B89 /* FollowersListVC.swift */ = {isa = PBXFileReference; lastKnownFileType = sourcecode.swift; path = FollowersListVC.swift; sourceTree = "<group>"; };
		347A1AAA275B461300B43B89 /* String+Ext.swift */ = {isa = PBXFileReference; lastKnownFileType = sourcecode.swift; path = "String+Ext.swift"; sourceTree = "<group>"; };
		347A1AAC275CB1E400B43B89 /* UIViewLayout+Ext.swift */ = {isa = PBXFileReference; lastKnownFileType = sourcecode.swift; path = "UIViewLayout+Ext.swift"; sourceTree = "<group>"; };
		34CBBF0A276C893400961A8C /* GFEmptyStateView.swift */ = {isa = PBXFileReference; lastKnownFileType = sourcecode.swift; path = GFEmptyStateView.swift; sourceTree = "<group>"; };
		34D758E5276EF597003F7A60 /* UserInfoVC.swift */ = {isa = PBXFileReference; lastKnownFileType = sourcecode.swift; path = UserInfoVC.swift; sourceTree = "<group>"; };
		34D758E7276F35F8003F7A60 /* GFUserInfoHeaderVC.swift */ = {isa = PBXFileReference; lastKnownFileType = sourcecode.swift; path = GFUserInfoHeaderVC.swift; sourceTree = "<group>"; };
		34D758E9276F366B003F7A60 /* GFSecondaryTitleLabel.swift */ = {isa = PBXFileReference; lastKnownFileType = sourcecode.swift; path = GFSecondaryTitleLabel.swift; sourceTree = "<group>"; };
		34D758EB276F5494003F7A60 /* Constants.swift */ = {isa = PBXFileReference; lastKnownFileType = sourcecode.swift; path = Constants.swift; sourceTree = "<group>"; };
		34D758ED276F7758003F7A60 /* GFItemInfoView.swift */ = {isa = PBXFileReference; lastKnownFileType = sourcecode.swift; path = GFItemInfoView.swift; sourceTree = "<group>"; };
		34D758EF276F8FF1003F7A60 /* GFItemInfoVC.swift */ = {isa = PBXFileReference; lastKnownFileType = sourcecode.swift; path = GFItemInfoVC.swift; sourceTree = "<group>"; };
		34D758F1276F92F3003F7A60 /* GFRepoItemVC.swift */ = {isa = PBXFileReference; lastKnownFileType = sourcecode.swift; path = GFRepoItemVC.swift; sourceTree = "<group>"; };
		34D758F3276F94AA003F7A60 /* GFFollowerItemVc.swift */ = {isa = PBXFileReference; lastKnownFileType = sourcecode.swift; path = GFFollowerItemVc.swift; sourceTree = "<group>"; };
		34D758F6277056F5003F7A60 /* Date+Ext.swift */ = {isa = PBXFileReference; lastKnownFileType = sourcecode.swift; path = "Date+Ext.swift"; sourceTree = "<group>"; };
		34D758F8277093C6003F7A60 /* PersistanceManager.swift */ = {isa = PBXFileReference; lastKnownFileType = sourcecode.swift; path = PersistanceManager.swift; sourceTree = "<group>"; };
		34D758FA2770E1D8003F7A60 /* FavoritesListVC.swift */ = {isa = PBXFileReference; lastKnownFileType = sourcecode.swift; path = FavoritesListVC.swift; sourceTree = "<group>"; };
		34D758FC2770E279003F7A60 /* FavoritesListCell.swift */ = {isa = PBXFileReference; lastKnownFileType = sourcecode.swift; path = FavoritesListCell.swift; sourceTree = "<group>"; };
/* End PBXFileReference section */

/* Begin PBXFrameworksBuildPhase section */
		3450F41D2755D8B3003703F4 /* Frameworks */ = {
			isa = PBXFrameworksBuildPhase;
			buildActionMask = 2147483647;
			files = (
			);
			runOnlyForDeploymentPostprocessing = 0;
		};
/* End PBXFrameworksBuildPhase section */

/* Begin PBXGroup section */
		3447FB992767266000378193 /* Screens */ = {
			isa = PBXGroup;
			children = (
				347A1A9E275A641900B43B89 /* MainTabBarController.swift */,
				347A1AA2275A642C00B43B89 /* FavouriteVC.swift */,
				347A1AA0275A642300B43B89 /* SearchVC.swift */,
				347A1AA8275B415600B43B89 /* FollowersListVC.swift */,
				34D758E5276EF597003F7A60 /* UserInfoVC.swift */,
				34D758FA2770E1D8003F7A60 /* FavoritesListVC.swift */,
			);
			path = Screens;
			sourceTree = "<group>";
		};
		3447FB9A2767268600378193 /* CustomViews */ = {
			isa = PBXGroup;
			children = (
				34CBBF09276C890900961A8C /* Labels */,
				34CBBF08276C88ED00961A8C /* ViewControllers */,
				34CBBF07276C88E000961A8C /* ImageViews */,
				34CBBF06276C88C700961A8C /* TextFields */,
				34CBBF05276C88C000961A8C /* Buttons */,
				34CBBF04276C88B400961A8C /* Views */,
				3447FBA8276A092400378193 /* Cells */,
			);
			path = CustomViews;
			sourceTree = "<group>";
		};
		3447FB9B276726A400378193 /* Extensions */ = {
			isa = PBXGroup;
			children = (
				347A1AAA275B461300B43B89 /* String+Ext.swift */,
				347A1AAC275CB1E400B43B89 /* UIViewLayout+Ext.swift */,
				3447FB97275CFA1D00378193 /* UIViewController+Ext.swift */,
				34D758F6277056F5003F7A60 /* Date+Ext.swift */,
				3432816F2773043600FB2DDF /* UITableView+Ext.swift */,
			);
			path = Extensions;
			sourceTree = "<group>";
		};
		3447FB9C276726B600378193 /* Support */ = {
			isa = PBXGroup;
			children = (
				3450F4232755D8B3003703F4 /* AppDelegate.swift */,
				3450F4252755D8B3003703F4 /* SceneDelegate.swift */,
				3450F42C2755D8B4003703F4 /* Assets.xcassets */,
				3450F42E2755D8B4003703F4 /* LaunchScreen.storyboard */,
			);
			path = Support;
			sourceTree = "<group>";
		};
		3447FB9D27672AEE00378193 /* Model */ = {
			isa = PBXGroup;
			children = (
				3447FB9E27672AFF00378193 /* Follower.swift */,
				3447FBA027673C6200378193 /* User.swift */,
			);
			path = Model;
			sourceTree = "<group>";
		};
		3447FBA22769D5E900378193 /* Manager */ = {
			isa = PBXGroup;
			children = (
				3447FBA32769D5FB00378193 /* NetworkManager.swift */,
				34D758F8277093C6003F7A60 /* PersistanceManager.swift */,
			);
			path = Manager;
			sourceTree = "<group>";
		};
		3447FBA52769E30500378193 /* Utilities */ = {
			isa = PBXGroup;
			children = (
				3447FBA62769E32900378193 /* GFError.swift */,
				3447FBAD276B345F00378193 /* UIHelper.swift */,
				34D758EB276F5494003F7A60 /* Constants.swift */,
			);
			path = Utilities;
			sourceTree = "<group>";
		};
		3447FBA8276A092400378193 /* Cells */ = {
			isa = PBXGroup;
			children = (
				3447FBA9276A095500378193 /* FollowerCell.swift */,
				34D758FC2770E279003F7A60 /* FavoritesListCell.swift */,
			);
			path = Cells;
			sourceTree = "<group>";
		};
		3450F4172755D8B3003703F4 = {
			isa = PBXGroup;
			children = (
				3450F4222755D8B3003703F4 /* GithubFollowers */,
				3450F4212755D8B3003703F4 /* Products */,
			);
			sourceTree = "<group>";
		};
		3450F4212755D8B3003703F4 /* Products */ = {
			isa = PBXGroup;
			children = (
				3450F4202755D8B3003703F4 /* GithubFollowers.app */,
			);
			name = Products;
			sourceTree = "<group>";
		};
		3450F4222755D8B3003703F4 /* GithubFollowers */ = {
			isa = PBXGroup;
			children = (
				3447FBA52769E30500378193 /* Utilities */,
				3447FBA22769D5E900378193 /* Manager */,
				3450F4312755D8B4003703F4 /* Info.plist */,
				3447FB9D27672AEE00378193 /* Model */,
				3447FB9C276726B600378193 /* Support */,
				3447FB9B276726A400378193 /* Extensions */,
				3447FB9A2767268600378193 /* CustomViews */,
				3447FB992767266000378193 /* Screens */,
			);
			path = GithubFollowers;
			sourceTree = "<group>";
		};
		34CBBF04276C88B400961A8C /* Views */ = {
			isa = PBXGroup;
			children = (
				34CBBF0A276C893400961A8C /* GFEmptyStateView.swift */,
				34D758ED276F7758003F7A60 /* GFItemInfoView.swift */,
				3432816B2771D10200FB2DDF /* GFAlertContainerView.swift */,
			);
			path = Views;
			sourceTree = "<group>";
		};
		34CBBF05276C88C000961A8C /* Buttons */ = {
			isa = PBXGroup;
			children = (
				347A1AA4275A6D5E00B43B89 /* GFButton.swift */,
			);
			path = Buttons;
			sourceTree = "<group>";
		};
		34CBBF06276C88C700961A8C /* TextFields */ = {
			isa = PBXGroup;
			children = (
				347A1AA6275A6EAA00B43B89 /* GFTextField.swift */,
			);
			path = TextFields;
			sourceTree = "<group>";
		};
		34CBBF07276C88E000961A8C /* ImageViews */ = {
			isa = PBXGroup;
			children = (
				3447FBAB276A09B900378193 /* GFAvatarImageView.swift */,
			);
			path = ImageViews;
			sourceTree = "<group>";
		};
		34CBBF08276C88ED00961A8C /* ViewControllers */ = {
			isa = PBXGroup;
			children = (
				34D758F5276F950F003F7A60 /* ItemInfoVC */,
				3447FB95275CF5F800378193 /* GFAlertVCViewController.swift */,
				34D758E7276F35F8003F7A60 /* GFUserInfoHeaderVC.swift */,
				3432816D2771EDF300FB2DDF /* GFDataLoadingVC.swift */,
			);
			path = ViewControllers;
			sourceTree = "<group>";
		};
		34CBBF09276C890900961A8C /* Labels */ = {
			isa = PBXGroup;
			children = (
				3447FB91275CF1CD00378193 /* GFTitleLabel.swift */,
				3447FB93275CF4CA00378193 /* GFBodyLabel.swift */,
				34D758E9276F366B003F7A60 /* GFSecondaryTitleLabel.swift */,
			);
			path = Labels;
			sourceTree = "<group>";
		};
		34D758F5276F950F003F7A60 /* ItemInfoVC */ = {
			isa = PBXGroup;
			children = (
				34D758EF276F8FF1003F7A60 /* GFItemInfoVC.swift */,
				34D758F1276F92F3003F7A60 /* GFRepoItemVC.swift */,
				34D758F3276F94AA003F7A60 /* GFFollowerItemVc.swift */,
			);
			path = ItemInfoVC;
			sourceTree = "<group>";
		};
/* End PBXGroup section */

/* Begin PBXNativeTarget section */
		3450F41F2755D8B3003703F4 /* GithubFollowers */ = {
			isa = PBXNativeTarget;
			buildConfigurationList = 3450F4342755D8B4003703F4 /* Build configuration list for PBXNativeTarget "GithubFollowers" */;
			buildPhases = (
				3450F41C2755D8B3003703F4 /* Sources */,
				3450F41D2755D8B3003703F4 /* Frameworks */,
				3450F41E2755D8B3003703F4 /* Resources */,
			);
			buildRules = (
			);
			dependencies = (
			);
			name = GithubFollowers;
			productName = GithubFollowers;
			productReference = 3450F4202755D8B3003703F4 /* GithubFollowers.app */;
			productType = "com.apple.product-type.application";
		};
/* End PBXNativeTarget section */

/* Begin PBXProject section */
		3450F4182755D8B3003703F4 /* Project object */ = {
			isa = PBXProject;
			attributes = {
				BuildIndependentTargetsInParallel = 1;
				LastSwiftUpdateCheck = 1300;
				LastUpgradeCheck = 1300;
				TargetAttributes = {
					3450F41F2755D8B3003703F4 = {
						CreatedOnToolsVersion = 13.0;
					};
				};
			};
			buildConfigurationList = 3450F41B2755D8B3003703F4 /* Build configuration list for PBXProject "GithubFollowers" */;
			compatibilityVersion = "Xcode 13.0";
			developmentRegion = en;
			hasScannedForEncodings = 0;
			knownRegions = (
				en,
				Base,
			);
			mainGroup = 3450F4172755D8B3003703F4;
			productRefGroup = 3450F4212755D8B3003703F4 /* Products */;
			projectDirPath = "";
			projectRoot = "";
			targets = (
				3450F41F2755D8B3003703F4 /* GithubFollowers */,
			);
		};
/* End PBXProject section */

/* Begin PBXResourcesBuildPhase section */
		3450F41E2755D8B3003703F4 /* Resources */ = {
			isa = PBXResourcesBuildPhase;
			buildActionMask = 2147483647;
			files = (
				3450F4302755D8B4003703F4 /* LaunchScreen.storyboard in Resources */,
				3450F42D2755D8B4003703F4 /* Assets.xcassets in Resources */,
			);
			runOnlyForDeploymentPostprocessing = 0;
		};
/* End PBXResourcesBuildPhase section */

/* Begin PBXSourcesBuildPhase section */
		3450F41C2755D8B3003703F4 /* Sources */ = {
			isa = PBXSourcesBuildPhase;
			buildActionMask = 2147483647;
			files = (
				3447FB94275CF4CA00378193 /* GFBodyLabel.swift in Sources */,
				34D758F2276F92F3003F7A60 /* GFRepoItemVC.swift in Sources */,
				34D758F7277056F5003F7A60 /* Date+Ext.swift in Sources */,
				3447FB96275CF5F800378193 /* GFAlertVCViewController.swift in Sources */,
				34D758F0276F8FF1003F7A60 /* GFItemInfoVC.swift in Sources */,
				3447FB98275CFA1D00378193 /* UIViewController+Ext.swift in Sources */,
				3447FBAA276A095500378193 /* FollowerCell.swift in Sources */,
				3447FB9F27672AFF00378193 /* Follower.swift in Sources */,
				34D758E8276F35F8003F7A60 /* GFUserInfoHeaderVC.swift in Sources */,
				3447FBA72769E32900378193 /* GFError.swift in Sources */,
				34D758EC276F5494003F7A60 /* Constants.swift in Sources */,
				343281702773043600FB2DDF /* UITableView+Ext.swift in Sources */,
				3447FB92275CF1CD00378193 /* GFTitleLabel.swift in Sources */,
				34D758FB2770E1D8003F7A60 /* FavoritesListVC.swift in Sources */,
				347A1AA1275A642300B43B89 /* SearchVC.swift in Sources */,
				3447FBA127673C6200378193 /* User.swift in Sources */,
				347A1AA7275A6EAA00B43B89 /* GFTextField.swift in Sources */,
				34D758F9277093C6003F7A60 /* PersistanceManager.swift in Sources */,
				347A1AA3275A642C00B43B89 /* FavouriteVC.swift in Sources */,
				34D758EE276F7758003F7A60 /* GFItemInfoView.swift in Sources */,
				34D758FD2770E279003F7A60 /* FavoritesListCell.swift in Sources */,
				347A1AA5275A6D5E00B43B89 /* GFButton.swift in Sources */,
				3447FBA42769D5FB00378193 /* NetworkManager.swift in Sources */,
				3432816E2771EDF300FB2DDF /* GFDataLoadingVC.swift in Sources */,
				34D758F4276F94AA003F7A60 /* GFFollowerItemVc.swift in Sources */,
				34D758EA276F366B003F7A60 /* GFSecondaryTitleLabel.swift in Sources */,
				3450F4242755D8B3003703F4 /* AppDelegate.swift in Sources */,
				347A1A9F275A641900B43B89 /* MainTabBarController.swift in Sources */,
				34CBBF0B276C893400961A8C /* GFEmptyStateView.swift in Sources */,
				347A1AA9275B415600B43B89 /* FollowersListVC.swift in Sources */,
				3432816C2771D10200FB2DDF /* GFAlertContainerView.swift in Sources */,
				3447FBAC276A09B900378193 /* GFAvatarImageView.swift in Sources */,
				347A1AAB275B461300B43B89 /* String+Ext.swift in Sources */,
				34D758E6276EF597003F7A60 /* UserInfoVC.swift in Sources */,
				347A1AAD275CB1E400B43B89 /* UIViewLayout+Ext.swift in Sources */,
				3450F4262755D8B3003703F4 /* SceneDelegate.swift in Sources */,
				3447FBAE276B345F00378193 /* UIHelper.swift in Sources */,
			);
			runOnlyForDeploymentPostprocessing = 0;
		};
/* End PBXSourcesBuildPhase section */

/* Begin PBXVariantGroup section */
		3450F42E2755D8B4003703F4 /* LaunchScreen.storyboard */ = {
			isa = PBXVariantGroup;
			children = (
				3450F42F2755D8B4003703F4 /* Base */,
			);
			name = LaunchScreen.storyboard;
			sourceTree = "<group>";
		};
/* End PBXVariantGroup section */

/* Begin XCBuildConfiguration section */
		3450F4322755D8B4003703F4 /* Debug */ = {
			isa = XCBuildConfiguration;
			buildSettings = {
				ALWAYS_SEARCH_USER_PATHS = NO;
				CLANG_ANALYZER_NONNULL = YES;
				CLANG_ANALYZER_NUMBER_OBJECT_CONVERSION = YES_AGGRESSIVE;
				CLANG_CXX_LANGUAGE_STANDARD = "gnu++17";
				CLANG_CXX_LIBRARY = "libc++";
				CLANG_ENABLE_MODULES = YES;
				CLANG_ENABLE_OBJC_ARC = YES;
				CLANG_ENABLE_OBJC_WEAK = YES;
				CLANG_WARN_BLOCK_CAPTURE_AUTORELEASING = YES;
				CLANG_WARN_BOOL_CONVERSION = YES;
				CLANG_WARN_COMMA = YES;
				CLANG_WARN_CONSTANT_CONVERSION = YES;
				CLANG_WARN_DEPRECATED_OBJC_IMPLEMENTATIONS = YES;
				CLANG_WARN_DIRECT_OBJC_ISA_USAGE = YES_ERROR;
				CLANG_WARN_DOCUMENTATION_COMMENTS = YES;
				CLANG_WARN_EMPTY_BODY = YES;
				CLANG_WARN_ENUM_CONVERSION = YES;
				CLANG_WARN_INFINITE_RECURSION = YES;
				CLANG_WARN_INT_CONVERSION = YES;
				CLANG_WARN_NON_LITERAL_NULL_CONVERSION = YES;
				CLANG_WARN_OBJC_IMPLICIT_RETAIN_SELF = YES;
				CLANG_WARN_OBJC_LITERAL_CONVERSION = YES;
				CLANG_WARN_OBJC_ROOT_CLASS = YES_ERROR;
				CLANG_WARN_QUOTED_INCLUDE_IN_FRAMEWORK_HEADER = YES;
				CLANG_WARN_RANGE_LOOP_ANALYSIS = YES;
				CLANG_WARN_STRICT_PROTOTYPES = YES;
				CLANG_WARN_SUSPICIOUS_MOVE = YES;
				CLANG_WARN_UNGUARDED_AVAILABILITY = YES_AGGRESSIVE;
				CLANG_WARN_UNREACHABLE_CODE = YES;
				CLANG_WARN__DUPLICATE_METHOD_MATCH = YES;
				COPY_PHASE_STRIP = NO;
				DEBUG_INFORMATION_FORMAT = dwarf;
				ENABLE_STRICT_OBJC_MSGSEND = YES;
				ENABLE_TESTABILITY = YES;
				GCC_C_LANGUAGE_STANDARD = gnu11;
				GCC_DYNAMIC_NO_PIC = NO;
				GCC_NO_COMMON_BLOCKS = YES;
				GCC_OPTIMIZATION_LEVEL = 0;
				GCC_PREPROCESSOR_DEFINITIONS = (
					"DEBUG=1",
					"$(inherited)",
				);
				GCC_WARN_64_TO_32_BIT_CONVERSION = YES;
				GCC_WARN_ABOUT_RETURN_TYPE = YES_ERROR;
				GCC_WARN_UNDECLARED_SELECTOR = YES;
				GCC_WARN_UNINITIALIZED_AUTOS = YES_AGGRESSIVE;
				GCC_WARN_UNUSED_FUNCTION = YES;
				GCC_WARN_UNUSED_VARIABLE = YES;
				IPHONEOS_DEPLOYMENT_TARGET = 15.0;
				MTL_ENABLE_DEBUG_INFO = INCLUDE_SOURCE;
				MTL_FAST_MATH = YES;
				ONLY_ACTIVE_ARCH = YES;
				SDKROOT = iphoneos;
				SWIFT_ACTIVE_COMPILATION_CONDITIONS = DEBUG;
				SWIFT_OPTIMIZATION_LEVEL = "-Onone";
			};
			name = Debug;
		};
		3450F4332755D8B4003703F4 /* Release */ = {
			isa = XCBuildConfiguration;
			buildSettings = {
				ALWAYS_SEARCH_USER_PATHS = NO;
				CLANG_ANALYZER_NONNULL = YES;
				CLANG_ANALYZER_NUMBER_OBJECT_CONVERSION = YES_AGGRESSIVE;
				CLANG_CXX_LANGUAGE_STANDARD = "gnu++17";
				CLANG_CXX_LIBRARY = "libc++";
				CLANG_ENABLE_MODULES = YES;
				CLANG_ENABLE_OBJC_ARC = YES;
				CLANG_ENABLE_OBJC_WEAK = YES;
				CLANG_WARN_BLOCK_CAPTURE_AUTORELEASING = YES;
				CLANG_WARN_BOOL_CONVERSION = YES;
				CLANG_WARN_COMMA = YES;
				CLANG_WARN_CONSTANT_CONVERSION = YES;
				CLANG_WARN_DEPRECATED_OBJC_IMPLEMENTATIONS = YES;
				CLANG_WARN_DIRECT_OBJC_ISA_USAGE = YES_ERROR;
				CLANG_WARN_DOCUMENTATION_COMMENTS = YES;
				CLANG_WARN_EMPTY_BODY = YES;
				CLANG_WARN_ENUM_CONVERSION = YES;
				CLANG_WARN_INFINITE_RECURSION = YES;
				CLANG_WARN_INT_CONVERSION = YES;
				CLANG_WARN_NON_LITERAL_NULL_CONVERSION = YES;
				CLANG_WARN_OBJC_IMPLICIT_RETAIN_SELF = YES;
				CLANG_WARN_OBJC_LITERAL_CONVERSION = YES;
				CLANG_WARN_OBJC_ROOT_CLASS = YES_ERROR;
				CLANG_WARN_QUOTED_INCLUDE_IN_FRAMEWORK_HEADER = YES;
				CLANG_WARN_RANGE_LOOP_ANALYSIS = YES;
				CLANG_WARN_STRICT_PROTOTYPES = YES;
				CLANG_WARN_SUSPICIOUS_MOVE = YES;
				CLANG_WARN_UNGUARDED_AVAILABILITY = YES_AGGRESSIVE;
				CLANG_WARN_UNREACHABLE_CODE = YES;
				CLANG_WARN__DUPLICATE_METHOD_MATCH = YES;
				COPY_PHASE_STRIP = NO;
				DEBUG_INFORMATION_FORMAT = "dwarf-with-dsym";
				ENABLE_NS_ASSERTIONS = NO;
				ENABLE_STRICT_OBJC_MSGSEND = YES;
				GCC_C_LANGUAGE_STANDARD = gnu11;
				GCC_NO_COMMON_BLOCKS = YES;
				GCC_WARN_64_TO_32_BIT_CONVERSION = YES;
				GCC_WARN_ABOUT_RETURN_TYPE = YES_ERROR;
				GCC_WARN_UNDECLARED_SELECTOR = YES;
				GCC_WARN_UNINITIALIZED_AUTOS = YES_AGGRESSIVE;
				GCC_WARN_UNUSED_FUNCTION = YES;
				GCC_WARN_UNUSED_VARIABLE = YES;
				IPHONEOS_DEPLOYMENT_TARGET = 15.0;
				MTL_ENABLE_DEBUG_INFO = NO;
				MTL_FAST_MATH = YES;
				SDKROOT = iphoneos;
				SWIFT_COMPILATION_MODE = wholemodule;
				SWIFT_OPTIMIZATION_LEVEL = "-O";
				VALIDATE_PRODUCT = YES;
			};
			name = Release;
		};
		3450F4352755D8B4003703F4 /* Debug */ = {
			isa = XCBuildConfiguration;
			buildSettings = {
				ASSETCATALOG_COMPILER_APPICON_NAME = AppIcon;
				ASSETCATALOG_COMPILER_GLOBAL_ACCENT_COLOR_NAME = AccentColor;
				CODE_SIGN_STYLE = Automatic;
				CURRENT_PROJECT_VERSION = 1;
				DEVELOPMENT_TEAM = UHJSHJ73VS;
				GENERATE_INFOPLIST_FILE = YES;
				INFOPLIST_FILE = GithubFollowers/Info.plist;
				INFOPLIST_KEY_UIApplicationSupportsIndirectInputEvents = YES;
				INFOPLIST_KEY_UILaunchStoryboardName = LaunchScreen;
				INFOPLIST_KEY_UISupportedInterfaceOrientations_iPad = "UIInterfaceOrientationPortrait UIInterfaceOrientationPortraitUpsideDown UIInterfaceOrientationLandscapeLeft UIInterfaceOrientationLandscapeRight";
				INFOPLIST_KEY_UISupportedInterfaceOrientations_iPhone = "UIInterfaceOrientationPortrait UIInterfaceOrientationLandscapeLeft UIInterfaceOrientationLandscapeRight";
				LD_RUNPATH_SEARCH_PATHS = (
					"$(inherited)",
					"@executable_path/Frameworks",
				);
				MARKETING_VERSION = 1.0;
				PRODUCT_BUNDLE_IDENTIFIER = com.paradigmX.GithubFollowers;
				PRODUCT_NAME = "$(TARGET_NAME)";
				SWIFT_EMIT_LOC_STRINGS = YES;
				SWIFT_VERSION = 5.0;
				TARGETED_DEVICE_FAMILY = 1;
			};
			name = Debug;
		};
		3450F4362755D8B4003703F4 /* Release */ = {
			isa = XCBuildConfiguration;
			buildSettings = {
				ASSETCATALOG_COMPILER_APPICON_NAME = AppIcon;
				ASSETCATALOG_COMPILER_GLOBAL_ACCENT_COLOR_NAME = AccentColor;
				CODE_SIGN_STYLE = Automatic;
				CURRENT_PROJECT_VERSION = 1;
				DEVELOPMENT_TEAM = UHJSHJ73VS;
				GENERATE_INFOPLIST_FILE = YES;
				INFOPLIST_FILE = GithubFollowers/Info.plist;
				INFOPLIST_KEY_UIApplicationSupportsIndirectInputEvents = YES;
				INFOPLIST_KEY_UILaunchStoryboardName = LaunchScreen;
				INFOPLIST_KEY_UISupportedInterfaceOrientations_iPad = "UIInterfaceOrientationPortrait UIInterfaceOrientationPortraitUpsideDown UIInterfaceOrientationLandscapeLeft UIInterfaceOrientationLandscapeRight";
				INFOPLIST_KEY_UISupportedInterfaceOrientations_iPhone = "UIInterfaceOrientationPortrait UIInterfaceOrientationLandscapeLeft UIInterfaceOrientationLandscapeRight";
				LD_RUNPATH_SEARCH_PATHS = (
					"$(inherited)",
					"@executable_path/Frameworks",
				);
				MARKETING_VERSION = 1.0;
				PRODUCT_BUNDLE_IDENTIFIER = com.paradigmX.GithubFollowers;
				PRODUCT_NAME = "$(TARGET_NAME)";
				SWIFT_EMIT_LOC_STRINGS = YES;
				SWIFT_VERSION = 5.0;
				TARGETED_DEVICE_FAMILY = 1;
			};
			name = Release;
		};
/* End XCBuildConfiguration section */

/* Begin XCConfigurationList section */
		3450F41B2755D8B3003703F4 /* Build configuration list for PBXProject "GithubFollowers" */ = {
			isa = XCConfigurationList;
			buildConfigurations = (
				3450F4322755D8B4003703F4 /* Debug */,
				3450F4332755D8B4003703F4 /* Release */,
			);
			defaultConfigurationIsVisible = 0;
			defaultConfigurationName = Release;
		};
		3450F4342755D8B4003703F4 /* Build configuration list for PBXNativeTarget "GithubFollowers" */ = {
			isa = XCConfigurationList;
			buildConfigurations = (
				3450F4352755D8B4003703F4 /* Debug */,
				3450F4362755D8B4003703F4 /* Release */,
			);
			defaultConfigurationIsVisible = 0;
			defaultConfigurationName = Release;
		};
/* End XCConfigurationList section */
	};
	rootObject = 3450F4182755D8B3003703F4 /* Project object */;
}
